
Microsoft Visual Studio Solution File, Format Version 12.00
# Visual Studio 14
VisualStudioVersion = 14.0.23107.0
MinimumVisualStudioVersion = 10.0.40219.1
Project("{E24C65DC-7377-472B-9ABA-BC803B73C61A}") = "Website", "Website\", "{CB762803-CF89-4386-B5EE-368D176FAB7D}"
	ProjectSection(WebsiteProperties) = preProject
		TargetFrameworkMoniker = ".NETFramework,Version%3Dv4.5.2"
		ProjectReferences = "{092b125e-90b2-4e48-ac16-5e8a1bf96cb6}|SupplyChainLibrary.dll;"
		Debug.AspNetCompiler.VirtualPath = "/localhost_7445"
		Debug.AspNetCompiler.PhysicalPath = "Website\"
		Debug.AspNetCompiler.TargetPath = "PrecompiledWeb\localhost_7445\"
		Debug.AspNetCompiler.Updateable = "true"
		Debug.AspNetCompiler.ForceOverwrite = "true"
		Debug.AspNetCompiler.FixedNames = "false"
		Debug.AspNetCompiler.Debug = "True"
		Release.AspNetCompiler.VirtualPath = "/localhost_7445"
		Release.AspNetCompiler.PhysicalPath = "Website\"
		Release.AspNetCompiler.TargetPath = "PrecompiledWeb\localhost_7445\"
		Release.AspNetCompiler.Updateable = "true"
		Release.AspNetCompiler.ForceOverwrite = "true"
		Release.AspNetCompiler.FixedNames = "false"
		Release.AspNetCompiler.Debug = "False"
		VWDPort = "7445"
		SlnRelativePath = "Website\"
		DefaultWebSiteLanguage = "Visual C#"
	EndProjectSection
EndProject
Project("{FAE04EC0-301F-11D3-BF4B-00C04F79EFBC}") = "SupplyChainLibrary", "..\Library\SupplyChainLibrary\SupplyChainLibrary.csproj", "{092B125E-90B2-4E48-AC16-5E8A1BF96CB6}"
EndProject
Global
	GlobalSection(SolutionConfigurationPlatforms) = preSolution
		Debug|Any CPU = Debug|Any CPU
		Release|Any CPU = Release|Any CPU
	EndGlobalSection
	GlobalSection(ProjectConfigurationPlatforms) = postSolution
		{CB762803-CF89-4386-B5EE-368D176FAB7D}.Debug|Any CPU.ActiveCfg = Debug|Any CPU
		{CB762803-CF89-4386-B5EE-368D176FAB7D}.Debug|Any CPU.Build.0 = Debug|Any CPU
		{CB762803-CF89-4386-B5EE-368D176FAB7D}.Release|Any CPU.ActiveCfg = Debug|Any CPU
		{CB762803-CF89-4386-B5EE-368D176FAB7D}.Release|Any CPU.Build.0 = Debug|Any CPU
		{092B125E-90B2-4E48-AC16-5E8A1BF96CB6}.Debug|Any CPU.ActiveCfg = Debug|Any CPU
		{092B125E-90B2-4E48-AC16-5E8A1BF96CB6}.Debug|Any CPU.Build.0 = Debug|Any CPU
		{092B125E-90B2-4E48-AC16-5E8A1BF96CB6}.Release|Any CPU.ActiveCfg = Release|Any CPU
		{092B125E-90B2-4E48-AC16-5E8A1BF96CB6}.Release|Any CPU.Build.0 = Release|Any CPU
	EndGlobalSection
	GlobalSection(SolutionProperties) = preSolution
		HideSolutionNode = FALSE
	EndGlobalSection
EndGlobal
